
Microsoft Visual Studio Solution File, Format Version 12.00
# Visual Studio Version 16
VisualStudioVersion = 16.0.32407.337
MinimumVisualStudioVersion = 10.0.40219.1
Project("{9A19103F-16F7-4668-BE54-9A1E7A4F7556}") = "christmas_tree", "repeation\christmas_tree.csproj", "{CE9757C6-25A5-42D3-8F40-00B88193E42D}"
EndProject
Global
	GlobalSection(SolutionConfigurationPlatforms) = preSolution
		Debug|Any CPU = Debug|Any CPU
		Release|Any CPU = Release|Any CPU
	EndGlobalSection
	GlobalSection(ProjectConfigurationPlatforms) = postSolution
		{CE9757C6-25A5-42D3-8F40-00B88193E42D}.Debug|Any CPU.ActiveCfg = Debug|Any CPU
		{CE9757C6-25A5-42D3-8F40-00B88193E42D}.Debug|Any CPU.Build.0 = Debug|Any CPU
		{CE9757C6-25A5-42D3-8F40-00B88193E42D}.Release|Any CPU.ActiveCfg = Release|Any CPU
		{CE9757C6-25A5-42D3-8F40-00B88193E42D}.Release|Any CPU.Build.0 = Release|Any CPU
	EndGlobalSection
	GlobalSection(SolutionProperties) = preSolution
		HideSolutionNode = FALSE
	EndGlobalSection
	GlobalSection(ExtensibilityGlobals) = postSolution
		SolutionGuid = {9F256F13-6BA3-47A8-91E2-DC5ABB73A78F}
	EndGlobalSection
EndGlobal
